
Microsoft Visual Studio Solution File, Format Version 12.00
# Visual Studio Version 16
VisualStudioVersion = 16.0.31019.35
MinimumVisualStudioVersion = 10.0.40219.1
Project("{FAE04EC0-301F-11D3-BF4B-00C04F79EFBC}") = "PriceCalculator", "PriceCalculator.csproj", "{94568EC4-C0A1-4D0F-A478-6577DDDA6D9B}"
EndProject
Project("{FAE04EC0-301F-11D3-BF4B-00C04F79EFBC}") = "Tests", "..\Tests\Tests.csproj", "{807545BB-9148-4BCA-8653-8A4241A52A6D}"
EndProject
Global
	GlobalSection(SolutionConfigurationPlatforms) = preSolution
		Debug|Any CPU = Debug|Any CPU
		Release|Any CPU = Release|Any CPU
	EndGlobalSection
	GlobalSection(ProjectConfigurationPlatforms) = postSolution
		{94568EC4-C0A1-4D0F-A478-6577DDDA6D9B}.Debug|Any CPU.ActiveCfg = Debug|Any CPU
		{94568EC4-C0A1-4D0F-A478-6577DDDA6D9B}.Debug|Any CPU.Build.0 = Debug|Any CPU
		{94568EC4-C0A1-4D0F-A478-6577DDDA6D9B}.Release|Any CPU.ActiveCfg = Release|Any CPU
		{94568EC4-C0A1-4D0F-A478-6577DDDA6D9B}.Release|Any CPU.Build.0 = Release|Any CPU
		{807545BB-9148-4BCA-8653-8A4241A52A6D}.Debug|Any CPU.ActiveCfg = Debug|Any CPU
		{807545BB-9148-4BCA-8653-8A4241A52A6D}.Debug|Any CPU.Build.0 = Debug|Any CPU
		{807545BB-9148-4BCA-8653-8A4241A52A6D}.Release|Any CPU.ActiveCfg = Release|Any CPU
		{807545BB-9148-4BCA-8653-8A4241A52A6D}.Release|Any CPU.Build.0 = Release|Any CPU
	EndGlobalSection
	GlobalSection(SolutionProperties) = preSolution
		HideSolutionNode = FALSE
	EndGlobalSection
	GlobalSection(ExtensibilityGlobals) = postSolution
		SolutionGuid = {974E26B6-0C43-4090-ABDB-F25ACA07B122}
	EndGlobalSection
EndGlobal
